
Microsoft Visual Studio Solution File, Format Version 12.00
# Visual Studio 2015
Project("{FAE04EC0-301F-11D3-BF4B-00C04F79EFBC}") = "the_game", "the_game.csproj", "{6F428387-F3A3-0234-FAA4-AFFAA67F323C}"
EndProject
Project("{FAE04EC0-301F-11D3-BF4B-00C04F79EFBC}") = "the_game.Editor", "the_game.Editor.csproj", "{20E0B023-FDFF-DE65-CFE1-2CD37570C8CC}"
EndProject
Global
	GlobalSection(SolutionConfigurationPlatforms) = preSolution
		Debug|Any CPU = Debug|Any CPU
		Release|Any CPU = Release|Any CPU
	EndGlobalSection
	GlobalSection(ProjectConfigurationPlatforms) = postSolution
		{6F428387-F3A3-0234-FAA4-AFFAA67F323C}.Debug|Any CPU.ActiveCfg = Debug|Any CPU
		{6F428387-F3A3-0234-FAA4-AFFAA67F323C}.Debug|Any CPU.Build.0 = Debug|Any CPU
		{6F428387-F3A3-0234-FAA4-AFFAA67F323C}.Release|Any CPU.ActiveCfg = Release|Any CPU
		{6F428387-F3A3-0234-FAA4-AFFAA67F323C}.Release|Any CPU.Build.0 = Release|Any CPU
		{20E0B023-FDFF-DE65-CFE1-2CD37570C8CC}.Debug|Any CPU.ActiveCfg = Debug|Any CPU
		{20E0B023-FDFF-DE65-CFE1-2CD37570C8CC}.Debug|Any CPU.Build.0 = Debug|Any CPU
		{20E0B023-FDFF-DE65-CFE1-2CD37570C8CC}.Release|Any CPU.ActiveCfg = Release|Any CPU
		{20E0B023-FDFF-DE65-CFE1-2CD37570C8CC}.Release|Any CPU.Build.0 = Release|Any CPU
	EndGlobalSection
	GlobalSection(SolutionProperties) = preSolution
		HideSolutionNode = FALSE
	EndGlobalSection
EndGlobal
